
Microsoft Visual Studio Solution File, Format Version 12.00
# Visual Studio 15
VisualStudioVersion = 15.0.26430.15
MinimumVisualStudioVersion = 10.0.40219.1
Project("{9A19103F-16F7-4668-BE54-9A1E7A4F7556}") = "cam-server", "cam-server\cam-server.csproj", "{900CA179-AEF0-43F3-9833-5DB060272D8E}"
EndProject
Project("{9A19103F-16F7-4668-BE54-9A1E7A4F7556}") = "cam-server.UnitTests", "tests\cam-server.UnitTests.csproj", "{8C42290F-2E6E-4B80-8C46-675D76DB4148}"
EndProject
Global
	GlobalSection(SolutionConfigurationPlatforms) = preSolution
		Debug|Any CPU = Debug|Any CPU
		Release|Any CPU = Release|Any CPU
	EndGlobalSection
	GlobalSection(ProjectConfigurationPlatforms) = postSolution
		{900CA179-AEF0-43F3-9833-5DB060272D8E}.Debug|Any CPU.ActiveCfg = Debug|Any CPU
		{900CA179-AEF0-43F3-9833-5DB060272D8E}.Debug|Any CPU.Build.0 = Debug|Any CPU
		{900CA179-AEF0-43F3-9833-5DB060272D8E}.Release|Any CPU.ActiveCfg = Release|Any CPU
		{900CA179-AEF0-43F3-9833-5DB060272D8E}.Release|Any CPU.Build.0 = Release|Any CPU
		{8C42290F-2E6E-4B80-8C46-675D76DB4148}.Debug|Any CPU.ActiveCfg = Debug|Any CPU
		{8C42290F-2E6E-4B80-8C46-675D76DB4148}.Debug|Any CPU.Build.0 = Debug|Any CPU
		{8C42290F-2E6E-4B80-8C46-675D76DB4148}.Release|Any CPU.ActiveCfg = Release|Any CPU
		{8C42290F-2E6E-4B80-8C46-675D76DB4148}.Release|Any CPU.Build.0 = Release|Any CPU
	EndGlobalSection
	GlobalSection(SolutionProperties) = preSolution
		HideSolutionNode = FALSE
	EndGlobalSection
	GlobalSection(ExtensibilityGlobals) = postSolution
		SolutionGuid = {03B1C7F3-63DF-411A-9F51-0DA330690A7A}
	EndGlobalSection
EndGlobal
